
Microsoft Visual Studio Solution File, Format Version 12.00
# Visual Studio Version 17
VisualStudioVersion = 17.5.33516.290
MinimumVisualStudioVersion = 10.0.40219.1
Project("{FAE04EC0-301F-11D3-BF4B-00C04F79EFBC}") = "KrakenFanControl", "KrakenFanControl\KrakenFanControl.csproj", "{9587C800-F6E1-4439-9A01-A39E1B607FF4}"
EndProject
Global
	GlobalSection(SolutionConfigurationPlatforms) = preSolution
		Debug|Any CPU = Debug|Any CPU
		Release|Any CPU = Release|Any CPU
	EndGlobalSection
	GlobalSection(ProjectConfigurationPlatforms) = postSolution
		{9587C800-F6E1-4439-9A01-A39E1B607FF4}.Debug|Any CPU.ActiveCfg = Debug|Any CPU
		{9587C800-F6E1-4439-9A01-A39E1B607FF4}.Debug|Any CPU.Build.0 = Debug|Any CPU
		{9587C800-F6E1-4439-9A01-A39E1B607FF4}.Release|Any CPU.ActiveCfg = Release|Any CPU
		{9587C800-F6E1-4439-9A01-A39E1B607FF4}.Release|Any CPU.Build.0 = Release|Any CPU
	EndGlobalSection
	GlobalSection(SolutionProperties) = preSolution
		HideSolutionNode = FALSE
	EndGlobalSection
	GlobalSection(ExtensibilityGlobals) = postSolution
		SolutionGuid = {420E0E0F-61FF-48DB-9A56-7D7A5A964917}
	EndGlobalSection
EndGlobal
